
Microsoft Visual Studio Solution File, Format Version 12.00
# Visual Studio Version 17
VisualStudioVersion = 17.9.34728.123
MinimumVisualStudioVersion = 10.0.40219.1
Project("{8BC9CEB8-8B4A-11D0-8D11-00A0C91BC942}") = "实验5.6", "实验5.6\实验5.6.vcxproj", "{D33080F9-6384-44B2-9878-1897B5520940}"
EndProject
Global
	GlobalSection(SolutionConfigurationPlatforms) = preSolution
		Debug|x64 = Debug|x64
		Debug|x86 = Debug|x86
		Release|x64 = Release|x64
		Release|x86 = Release|x86
	EndGlobalSection
	GlobalSection(ProjectConfigurationPlatforms) = postSolution
		{D33080F9-6384-44B2-9878-1897B5520940}.Debug|x64.ActiveCfg = Debug|x64
		{D33080F9-6384-44B2-9878-1897B5520940}.Debug|x64.Build.0 = Debug|x64
		{D33080F9-6384-44B2-9878-1897B5520940}.Debug|x86.ActiveCfg = Debug|Win32
		{D33080F9-6384-44B2-9878-1897B5520940}.Debug|x86.Build.0 = Debug|Win32
		{D33080F9-6384-44B2-9878-1897B5520940}.Release|x64.ActiveCfg = Release|x64
		{D33080F9-6384-44B2-9878-1897B5520940}.Release|x64.Build.0 = Release|x64
		{D33080F9-6384-44B2-9878-1897B5520940}.Release|x86.ActiveCfg = Release|Win32
		{D33080F9-6384-44B2-9878-1897B5520940}.Release|x86.Build.0 = Release|Win32
	EndGlobalSection
	GlobalSection(SolutionProperties) = preSolution
		HideSolutionNode = FALSE
	EndGlobalSection
	GlobalSection(ExtensibilityGlobals) = postSolution
		SolutionGuid = {1CD975EE-A261-4AF6-9CF3-EB0AF7FB50D0}
	EndGlobalSection
EndGlobal
