
Microsoft Visual Studio Solution File, Format Version 12.00
# Visual Studio Version 17
VisualStudioVersion = 17.9.34728.123
MinimumVisualStudioVersion = 10.0.40219.1
Project("{8BC9CEB8-8B4A-11D0-8D11-00A0C91BC942}") = "实验4.任务5", "实验4.任务5\实验4.任务5.vcxproj", "{2AE1DF42-A574-400B-AF4B-D4C279EE1838}"
EndProject
Global
	GlobalSection(SolutionConfigurationPlatforms) = preSolution
		Debug|x64 = Debug|x64
		Debug|x86 = Debug|x86
		Release|x64 = Release|x64
		Release|x86 = Release|x86
	EndGlobalSection
	GlobalSection(ProjectConfigurationPlatforms) = postSolution
		{2AE1DF42-A574-400B-AF4B-D4C279EE1838}.Debug|x64.ActiveCfg = Debug|x64
		{2AE1DF42-A574-400B-AF4B-D4C279EE1838}.Debug|x64.Build.0 = Debug|x64
		{2AE1DF42-A574-400B-AF4B-D4C279EE1838}.Debug|x86.ActiveCfg = Debug|Win32
		{2AE1DF42-A574-400B-AF4B-D4C279EE1838}.Debug|x86.Build.0 = Debug|Win32
		{2AE1DF42-A574-400B-AF4B-D4C279EE1838}.Release|x64.ActiveCfg = Release|x64
		{2AE1DF42-A574-400B-AF4B-D4C279EE1838}.Release|x64.Build.0 = Release|x64
		{2AE1DF42-A574-400B-AF4B-D4C279EE1838}.Release|x86.ActiveCfg = Release|Win32
		{2AE1DF42-A574-400B-AF4B-D4C279EE1838}.Release|x86.Build.0 = Release|Win32
	EndGlobalSection
	GlobalSection(SolutionProperties) = preSolution
		HideSolutionNode = FALSE
	EndGlobalSection
	GlobalSection(ExtensibilityGlobals) = postSolution
		SolutionGuid = {63EFF3F7-4BDB-46B1-941B-844264A37BC8}
	EndGlobalSection
EndGlobal
