
Microsoft Visual Studio Solution File, Format Version 12.00
# Visual Studio Version 17
VisualStudioVersion = 17.9.34728.123
MinimumVisualStudioVersion = 10.0.40219.1
Project("{8BC9CEB8-8B4A-11D0-8D11-00A0C91BC942}") = "7-2 二维数组", "7-2 二维数组\7-2 二维数组.vcxproj", "{B4625EBE-BF11-4A2B-B283-8C0656AC8BD1}"
EndProject
Global
	GlobalSection(SolutionConfigurationPlatforms) = preSolution
		Debug|x64 = Debug|x64
		Debug|x86 = Debug|x86
		Release|x64 = Release|x64
		Release|x86 = Release|x86
	EndGlobalSection
	GlobalSection(ProjectConfigurationPlatforms) = postSolution
		{B4625EBE-BF11-4A2B-B283-8C0656AC8BD1}.Debug|x64.ActiveCfg = Debug|x64
		{B4625EBE-BF11-4A2B-B283-8C0656AC8BD1}.Debug|x64.Build.0 = Debug|x64
		{B4625EBE-BF11-4A2B-B283-8C0656AC8BD1}.Debug|x86.ActiveCfg = Debug|Win32
		{B4625EBE-BF11-4A2B-B283-8C0656AC8BD1}.Debug|x86.Build.0 = Debug|Win32
		{B4625EBE-BF11-4A2B-B283-8C0656AC8BD1}.Release|x64.ActiveCfg = Release|x64
		{B4625EBE-BF11-4A2B-B283-8C0656AC8BD1}.Release|x64.Build.0 = Release|x64
		{B4625EBE-BF11-4A2B-B283-8C0656AC8BD1}.Release|x86.ActiveCfg = Release|Win32
		{B4625EBE-BF11-4A2B-B283-8C0656AC8BD1}.Release|x86.Build.0 = Release|Win32
	EndGlobalSection
	GlobalSection(SolutionProperties) = preSolution
		HideSolutionNode = FALSE
	EndGlobalSection
	GlobalSection(ExtensibilityGlobals) = postSolution
		SolutionGuid = {BDDF5049-933E-4934-9E46-B9A368D40B05}
	EndGlobalSection
EndGlobal
